
Microsoft Visual Studio Solution File, Format Version 12.00
# Visual Studio 15
VisualStudioVersion = 15.0.28307.106
MinimumVisualStudioVersion = 10.0.40219.1
Project("{9A19103F-16F7-4668-BE54-9A1E7A4F7556}") = "IsMatch.ScanCodeLine", "IsMatch.ScanCodeLine\IsMatch.ScanCodeLine.csproj", "{7EAF9934-DB76-457C-ADB1-B90C08901AB1}"
EndProject
Project("{9A19103F-16F7-4668-BE54-9A1E7A4F7556}") = "IsMatch.CnArticleSubscribe", "IsMatch.CnArticleSubscribe\IsMatch.CnArticleSubscribe.csproj", "{83DF4BEC-3CCD-45C8-A96B-9C0D972B35C5}"
EndProject
Project("{9A19103F-16F7-4668-BE54-9A1E7A4F7556}") = "IsMatch.Upload", "IsMatch.Upload\IsMatch.Upload.csproj", "{2FB9866C-E2CD-4BB1-9428-5D501044F0D1}"
EndProject
Project("{9A19103F-16F7-4668-BE54-9A1E7A4F7556}") = "IsMatch.Test", "IsMatch.Test\IsMatch.Test.csproj", "{C1E60E6E-51E6-4777-BE1F-0B0E5405D160}"
EndProject
Project("{9A19103F-16F7-4668-BE54-9A1E7A4F7556}") = "IsMatch.NetworkSocket", "IsMatch.NetworkSocket\IsMatch.NetworkSocket.csproj", "{FC69EE1C-4446-42DC-BFDD-B28F0AC9CF3A}"
EndProject
Project("{9A19103F-16F7-4668-BE54-9A1E7A4F7556}") = "IsMatch.Tesseract", "IsMatch.Tesseract\IsMatch.Tesseract.csproj", "{6B423688-2793-4CDC-8911-4D801E367C8A}"
EndProject
Project("{9A19103F-16F7-4668-BE54-9A1E7A4F7556}") = "IsMatch.Spider", "IsMatch.Spider\IsMatch.Spider.csproj", "{6C5E0071-33D9-4C9C-8E78-D513EDDAEA1F}"
EndProject
Project("{FAE04EC0-301F-11D3-BF4B-00C04F79EFBC}") = "IsMatch.Blog", "IsMatch.Blog\IsMatch.Blog.csproj", "{E094A6B1-678D-41C6-A799-985F1258FC61}"
EndProject
Project("{FAE04EC0-301F-11D3-BF4B-00C04F79EFBC}") = "IsMatch.Rename", "IsMatch.Rename\IsMatch.Rename.csproj", "{A2A063AB-EDB6-4293-AEF7-4D84CDE8412D}"
EndProject
Project("{2150E333-8FDC-42A3-9474-1A3956D46DE8}") = "Solution Items", "Solution Items", "{3969819C-0FE3-4B46-A0CF-6ADD896E786D}"
	ProjectSection(SolutionItems) = preProject
		README.md = README.md
	EndProjectSection
EndProject
Global
	GlobalSection(SolutionConfigurationPlatforms) = preSolution
		Debug|Any CPU = Debug|Any CPU
		Release|Any CPU = Release|Any CPU
	EndGlobalSection
	GlobalSection(ProjectConfigurationPlatforms) = postSolution
		{7EAF9934-DB76-457C-ADB1-B90C08901AB1}.Debug|Any CPU.ActiveCfg = Debug|Any CPU
		{7EAF9934-DB76-457C-ADB1-B90C08901AB1}.Debug|Any CPU.Build.0 = Debug|Any CPU
		{7EAF9934-DB76-457C-ADB1-B90C08901AB1}.Release|Any CPU.ActiveCfg = Release|Any CPU
		{7EAF9934-DB76-457C-ADB1-B90C08901AB1}.Release|Any CPU.Build.0 = Release|Any CPU
		{83DF4BEC-3CCD-45C8-A96B-9C0D972B35C5}.Debug|Any CPU.ActiveCfg = Debug|Any CPU
		{83DF4BEC-3CCD-45C8-A96B-9C0D972B35C5}.Debug|Any CPU.Build.0 = Debug|Any CPU
		{83DF4BEC-3CCD-45C8-A96B-9C0D972B35C5}.Release|Any CPU.ActiveCfg = Release|Any CPU
		{83DF4BEC-3CCD-45C8-A96B-9C0D972B35C5}.Release|Any CPU.Build.0 = Release|Any CPU
		{2FB9866C-E2CD-4BB1-9428-5D501044F0D1}.Debug|Any CPU.ActiveCfg = Debug|Any CPU
		{2FB9866C-E2CD-4BB1-9428-5D501044F0D1}.Debug|Any CPU.Build.0 = Debug|Any CPU
		{2FB9866C-E2CD-4BB1-9428-5D501044F0D1}.Release|Any CPU.ActiveCfg = Release|Any CPU
		{2FB9866C-E2CD-4BB1-9428-5D501044F0D1}.Release|Any CPU.Build.0 = Release|Any CPU
		{C1E60E6E-51E6-4777-BE1F-0B0E5405D160}.Debug|Any CPU.ActiveCfg = Debug|Any CPU
		{C1E60E6E-51E6-4777-BE1F-0B0E5405D160}.Debug|Any CPU.Build.0 = Debug|Any CPU
		{C1E60E6E-51E6-4777-BE1F-0B0E5405D160}.Release|Any CPU.ActiveCfg = Release|Any CPU
		{C1E60E6E-51E6-4777-BE1F-0B0E5405D160}.Release|Any CPU.Build.0 = Release|Any CPU
		{FC69EE1C-4446-42DC-BFDD-B28F0AC9CF3A}.Debug|Any CPU.ActiveCfg = Debug|Any CPU
		{FC69EE1C-4446-42DC-BFDD-B28F0AC9CF3A}.Debug|Any CPU.Build.0 = Debug|Any CPU
		{FC69EE1C-4446-42DC-BFDD-B28F0AC9CF3A}.Release|Any CPU.ActiveCfg = Release|Any CPU
		{FC69EE1C-4446-42DC-BFDD-B28F0AC9CF3A}.Release|Any CPU.Build.0 = Release|Any CPU
		{6B423688-2793-4CDC-8911-4D801E367C8A}.Debug|Any CPU.ActiveCfg = Debug|Any CPU
		{6B423688-2793-4CDC-8911-4D801E367C8A}.Debug|Any CPU.Build.0 = Debug|Any CPU
		{6B423688-2793-4CDC-8911-4D801E367C8A}.Release|Any CPU.ActiveCfg = Release|Any CPU
		{6B423688-2793-4CDC-8911-4D801E367C8A}.Release|Any CPU.Build.0 = Release|Any CPU
		{6C5E0071-33D9-4C9C-8E78-D513EDDAEA1F}.Debug|Any CPU.ActiveCfg = Debug|Any CPU
		{6C5E0071-33D9-4C9C-8E78-D513EDDAEA1F}.Debug|Any CPU.Build.0 = Debug|Any CPU
		{6C5E0071-33D9-4C9C-8E78-D513EDDAEA1F}.Release|Any CPU.ActiveCfg = Release|Any CPU
		{6C5E0071-33D9-4C9C-8E78-D513EDDAEA1F}.Release|Any CPU.Build.0 = Release|Any CPU
		{E094A6B1-678D-41C6-A799-985F1258FC61}.Debug|Any CPU.ActiveCfg = Debug|Any CPU
		{E094A6B1-678D-41C6-A799-985F1258FC61}.Debug|Any CPU.Build.0 = Debug|Any CPU
		{E094A6B1-678D-41C6-A799-985F1258FC61}.Release|Any CPU.ActiveCfg = Release|Any CPU
		{E094A6B1-678D-41C6-A799-985F1258FC61}.Release|Any CPU.Build.0 = Release|Any CPU
		{A2A063AB-EDB6-4293-AEF7-4D84CDE8412D}.Debug|Any CPU.ActiveCfg = Debug|Any CPU
		{A2A063AB-EDB6-4293-AEF7-4D84CDE8412D}.Debug|Any CPU.Build.0 = Debug|Any CPU
		{A2A063AB-EDB6-4293-AEF7-4D84CDE8412D}.Release|Any CPU.ActiveCfg = Release|Any CPU
		{A2A063AB-EDB6-4293-AEF7-4D84CDE8412D}.Release|Any CPU.Build.0 = Release|Any CPU
	EndGlobalSection
	GlobalSection(SolutionProperties) = preSolution
		HideSolutionNode = FALSE
	EndGlobalSection
	GlobalSection(ExtensibilityGlobals) = postSolution
		SolutionGuid = {7DE03511-D2E8-401E-9AE2-4C47BC962C89}
	EndGlobalSection
EndGlobal
